
Microsoft Visual Studio Solution File, Format Version 12.00
# Visual Studio 15
VisualStudioVersion = 15.0.27703.2026
MinimumVisualStudioVersion = 10.0.40219.1
Project("{FAE04EC0-301F-11D3-BF4B-00C04F79EFBC}") = "TesteSupero", "TesteSupero\TesteSupero.csproj", "{EE3BF4F1-9B12-4CD8-894A-5DB70F592FF3}"
EndProject
Project("{FAE04EC0-301F-11D3-BF4B-00C04F79EFBC}") = "Supero_Database", "Supero_Database\Supero_Database.csproj", "{0C29B552-18A6-44D0-8B64-AAEAC924EFCC}"
EndProject
Project("{FAE04EC0-301F-11D3-BF4B-00C04F79EFBC}") = "Supero_Negocio", "Supero_Negocio\Supero_Negocio.csproj", "{5F016E04-AFDC-491B-942B-2BB8B6110330}"
EndProject
Project("{FAE04EC0-301F-11D3-BF4B-00C04F79EFBC}") = "Supero_Console", "Supero_Console\Supero_Console.csproj", "{289EE361-AD21-4FD4-9774-AA0B8081EFCC}"
EndProject
Global
	GlobalSection(SolutionConfigurationPlatforms) = preSolution
		Debug|Any CPU = Debug|Any CPU
		Release|Any CPU = Release|Any CPU
	EndGlobalSection
	GlobalSection(ProjectConfigurationPlatforms) = postSolution
		{EE3BF4F1-9B12-4CD8-894A-5DB70F592FF3}.Debug|Any CPU.ActiveCfg = Debug|Any CPU
		{EE3BF4F1-9B12-4CD8-894A-5DB70F592FF3}.Debug|Any CPU.Build.0 = Debug|Any CPU
		{EE3BF4F1-9B12-4CD8-894A-5DB70F592FF3}.Release|Any CPU.ActiveCfg = Release|Any CPU
		{EE3BF4F1-9B12-4CD8-894A-5DB70F592FF3}.Release|Any CPU.Build.0 = Release|Any CPU
		{0C29B552-18A6-44D0-8B64-AAEAC924EFCC}.Debug|Any CPU.ActiveCfg = Debug|Any CPU
		{0C29B552-18A6-44D0-8B64-AAEAC924EFCC}.Debug|Any CPU.Build.0 = Debug|Any CPU
		{0C29B552-18A6-44D0-8B64-AAEAC924EFCC}.Release|Any CPU.ActiveCfg = Release|Any CPU
		{0C29B552-18A6-44D0-8B64-AAEAC924EFCC}.Release|Any CPU.Build.0 = Release|Any CPU
		{5F016E04-AFDC-491B-942B-2BB8B6110330}.Debug|Any CPU.ActiveCfg = Debug|Any CPU
		{5F016E04-AFDC-491B-942B-2BB8B6110330}.Debug|Any CPU.Build.0 = Debug|Any CPU
		{5F016E04-AFDC-491B-942B-2BB8B6110330}.Release|Any CPU.ActiveCfg = Release|Any CPU
		{5F016E04-AFDC-491B-942B-2BB8B6110330}.Release|Any CPU.Build.0 = Release|Any CPU
		{289EE361-AD21-4FD4-9774-AA0B8081EFCC}.Debug|Any CPU.ActiveCfg = Debug|Any CPU
		{289EE361-AD21-4FD4-9774-AA0B8081EFCC}.Debug|Any CPU.Build.0 = Debug|Any CPU
		{289EE361-AD21-4FD4-9774-AA0B8081EFCC}.Release|Any CPU.ActiveCfg = Release|Any CPU
		{289EE361-AD21-4FD4-9774-AA0B8081EFCC}.Release|Any CPU.Build.0 = Release|Any CPU
	EndGlobalSection
	GlobalSection(SolutionProperties) = preSolution
		HideSolutionNode = FALSE
	EndGlobalSection
	GlobalSection(ExtensibilityGlobals) = postSolution
		SolutionGuid = {3876BBE0-7D9E-463D-8B49-90DA85938898}
	EndGlobalSection
EndGlobal
